// !$*UTF8*$!
{
	archiveVersion = 1;
	classes = {
	};
	objectVersion = 48;
	objects = {

/* Begin PBXBuildFile section */
		FC414EB31F09E46E0079627F /* main.cpp in Sources */ = {isa = PBXBuildFile; fileRef = FC414EB21F09E46E0079627F /* main.cpp */; };
		FC7EEA631F1361A50082122B /* T_Single.cpp in Sources */ = {isa = PBXBuildFile; fileRef = FC7EEA611F1361A50082122B /* T_Single.cpp */; };
		FC7EEA681F1387860082122B /* TypeTransfer.cpp in Sources */ = {isa = PBXBuildFile; fileRef = FC7EEA661F1387860082122B /* TypeTransfer.cpp */; };
		FCBD8CB81F14B8F1007196E0 /* ExceptionFun.cpp in Sources */ = {isa = PBXBuildFile; fileRef = FCBD8CB61F14B8F1007196E0 /* ExceptionFun.cpp */; };
		FCBD8CBC1F14CF19007196E0 /* STL_01.cpp in Sources */ = {isa = PBXBuildFile; fileRef = FCBD8CBA1F14CF19007196E0 /* STL_01.cpp */; };
		FCD663F01F0F97BF00C1542B /* TestRefrence.cpp in Sources */ = {isa = PBXBuildFile; fileRef = FCD663EE1F0F97BF00C1542B /* TestRefrence.cpp */; };
/* End PBXBuildFile section */

/* Begin PBXCopyFilesBuildPhase section */
		FC414EAD1F09E46E0079627F /* CopyFiles */ = {
			isa = PBXCopyFilesBuildPhase;
			buildActionMask = 2147483647;
			dstPath = /usr/share/man/man1/;
			dstSubfolderSpec = 0;
			files = (
			);
			runOnlyForDeploymentPostprocessing = 1;
		};
/* End PBXCopyFilesBuildPhase section */

/* Begin PBXFileReference section */
		FC246DDA1F0A47290045929C /* TemplateClass.cpp */ = {isa = PBXFileReference; lastKnownFileType = sourcecode.cpp.cpp; path = TemplateClass.cpp; sourceTree = "<group>"; };
		FC246DDB1F0A47290045929C /* TemplateClass.hpp */ = {isa = PBXFileReference; lastKnownFileType = sourcecode.cpp.h; path = TemplateClass.hpp; sourceTree = "<group>"; };
		FC414EAF1F09E46E0079627F /* CPP_Basic_Template */ = {isa = PBXFileReference; explicitFileType = "compiled.mach-o.executable"; includeInIndex = 0; path = CPP_Basic_Template; sourceTree = BUILT_PRODUCTS_DIR; };
		FC414EB21F09E46E0079627F /* main.cpp */ = {isa = PBXFileReference; lastKnownFileType = sourcecode.cpp.cpp; path = main.cpp; sourceTree = "<group>"; };
		FC7EEA611F1361A50082122B /* T_Single.cpp */ = {isa = PBXFileReference; lastKnownFileType = sourcecode.cpp.cpp; path = T_Single.cpp; sourceTree = "<group>"; };
		FC7EEA621F1361A50082122B /* T_Single.hpp */ = {isa = PBXFileReference; lastKnownFileType = sourcecode.cpp.h; path = T_Single.hpp; sourceTree = "<group>"; };
		FC7EEA661F1387860082122B /* TypeTransfer.cpp */ = {isa = PBXFileReference; lastKnownFileType = sourcecode.cpp.cpp; path = TypeTransfer.cpp; sourceTree = "<group>"; };
		FC7EEA671F1387860082122B /* TypeTransfer.hpp */ = {isa = PBXFileReference; lastKnownFileType = sourcecode.cpp.h; path = TypeTransfer.hpp; sourceTree = "<group>"; };
		FCBD8CB61F14B8F1007196E0 /* ExceptionFun.cpp */ = {isa = PBXFileReference; lastKnownFileType = sourcecode.cpp.cpp; path = ExceptionFun.cpp; sourceTree = "<group>"; };
		FCBD8CB71F14B8F1007196E0 /* ExceptionFun.hpp */ = {isa = PBXFileReference; lastKnownFileType = sourcecode.cpp.h; path = ExceptionFun.hpp; sourceTree = "<group>"; };
		FCBD8CBA1F14CF19007196E0 /* STL_01.cpp */ = {isa = PBXFileReference; lastKnownFileType = sourcecode.cpp.cpp; path = STL_01.cpp; sourceTree = "<group>"; };
		FCBD8CBB1F14CF19007196E0 /* STL_01.hpp */ = {isa = PBXFileReference; lastKnownFileType = sourcecode.cpp.h; path = STL_01.hpp; sourceTree = "<group>"; };
		FCD663EE1F0F97BF00C1542B /* TestRefrence.cpp */ = {isa = PBXFileReference; lastKnownFileType = sourcecode.cpp.cpp; path = TestRefrence.cpp; sourceTree = "<group>"; };
		FCD663EF1F0F97BF00C1542B /* TestRefrence.hpp */ = {isa = PBXFileReference; lastKnownFileType = sourcecode.cpp.h; path = TestRefrence.hpp; sourceTree = "<group>"; };
/* End PBXFileReference section */

/* Begin PBXFrameworksBuildPhase section */
		FC414EAC1F09E46E0079627F /* Frameworks */ = {
			isa = PBXFrameworksBuildPhase;
			buildActionMask = 2147483647;
			files = (
			);
			runOnlyForDeploymentPostprocessing = 0;
		};
/* End PBXFrameworksBuildPhase section */

/* Begin PBXGroup section */
		FC414EA61F09E46E0079627F = {
			isa = PBXGroup;
			children = (
				FC414EB11F09E46E0079627F /* CPP_Basic_Template */,
				FC414EB01F09E46E0079627F /* Products */,
			);
			sourceTree = "<group>";
		};
		FC414EB01F09E46E0079627F /* Products */ = {
			isa = PBXGroup;
			children = (
				FC414EAF1F09E46E0079627F /* CPP_Basic_Template */,
			);
			name = Products;
			sourceTree = "<group>";
		};
		FC414EB11F09E46E0079627F /* CPP_Basic_Template */ = {
			isa = PBXGroup;
			children = (
				FC414EB21F09E46E0079627F /* main.cpp */,
				FCD663EF1F0F97BF00C1542B /* TestRefrence.hpp */,
				FCD663EE1F0F97BF00C1542B /* TestRefrence.cpp */,
				FC246DDA1F0A47290045929C /* TemplateClass.cpp */,
				FC246DDB1F0A47290045929C /* TemplateClass.hpp */,
				FCBD8CBD1F14CF1D007196E0 /* STL */,
				FCBD8CB91F14B8F5007196E0 /* Exception */,
				FC7EEA651F13874E0082122B /* TypeTransfer */,
				FC7EEA601F1361890082122B /* T_Single */,
			);
			path = CPP_Basic_Template;
			sourceTree = "<group>";
		};
		FC7EEA601F1361890082122B /* T_Single */ = {
			isa = PBXGroup;
			children = (
				FC7EEA611F1361A50082122B /* T_Single.cpp */,
				FC7EEA621F1361A50082122B /* T_Single.hpp */,
			);
			path = T_Single;
			sourceTree = "<group>";
		};
		FC7EEA651F13874E0082122B /* TypeTransfer */ = {
			isa = PBXGroup;
			children = (
				FC7EEA661F1387860082122B /* TypeTransfer.cpp */,
				FC7EEA671F1387860082122B /* TypeTransfer.hpp */,
			);
			path = TypeTransfer;
			sourceTree = "<group>";
		};
		FCBD8CB91F14B8F5007196E0 /* Exception */ = {
			isa = PBXGroup;
			children = (
				FCBD8CB61F14B8F1007196E0 /* ExceptionFun.cpp */,
				FCBD8CB71F14B8F1007196E0 /* ExceptionFun.hpp */,
			);
			path = Exception;
			sourceTree = "<group>";
		};
		FCBD8CBD1F14CF1D007196E0 /* STL */ = {
			isa = PBXGroup;
			children = (
				FCBD8CBA1F14CF19007196E0 /* STL_01.cpp */,
				FCBD8CBB1F14CF19007196E0 /* STL_01.hpp */,
			);
			path = STL;
			sourceTree = "<group>";
		};
/* End PBXGroup section */

/* Begin PBXNativeTarget section */
		FC414EAE1F09E46E0079627F /* CPP_Basic_Template */ = {
			isa = PBXNativeTarget;
			buildConfigurationList = FC414EB61F09E46E0079627F /* Build configuration list for PBXNativeTarget "CPP_Basic_Template" */;
			buildPhases = (
				FC414EAB1F09E46E0079627F /* Sources */,
				FC414EAC1F09E46E0079627F /* Frameworks */,
				FC414EAD1F09E46E0079627F /* CopyFiles */,
			);
			buildRules = (
			);
			dependencies = (
			);
			name = CPP_Basic_Template;
			productName = CPP_Basic_Template;
			productReference = FC414EAF1F09E46E0079627F /* CPP_Basic_Template */;
			productType = "com.apple.product-type.tool";
		};
/* End PBXNativeTarget section */

/* Begin PBXProject section */
		FC414EA71F09E46E0079627F /* Project object */ = {
			isa = PBXProject;
			attributes = {
				LastUpgradeCheck = 0900;
				ORGANIZATIONNAME = konglee;
				TargetAttributes = {
					FC414EAE1F09E46E0079627F = {
						CreatedOnToolsVersion = 9.0;
					};
				};
			};
			buildConfigurationList = FC414EAA1F09E46E0079627F /* Build configuration list for PBXProject "CPP_Basic_Template" */;
			compatibilityVersion = "Xcode 8.0";
			developmentRegion = en;
			hasScannedForEncodings = 0;
			knownRegions = (
				en,
			);
			mainGroup = FC414EA61F09E46E0079627F;
			productRefGroup = FC414EB01F09E46E0079627F /* Products */;
			projectDirPath = "";
			projectRoot = "";
			targets = (
				FC414EAE1F09E46E0079627F /* CPP_Basic_Template */,
			);
		};
/* End PBXProject section */

/* Begin PBXSourcesBuildPhase section */
		FC414EAB1F09E46E0079627F /* Sources */ = {
			isa = PBXSourcesBuildPhase;
			buildActionMask = 2147483647;
			files = (
				FCBD8CBC1F14CF19007196E0 /* STL_01.cpp in Sources */,
				FC7EEA681F1387860082122B /* TypeTransfer.cpp in Sources */,
				FC414EB31F09E46E0079627F /* main.cpp in Sources */,
				FCBD8CB81F14B8F1007196E0 /* ExceptionFun.cpp in Sources */,
				FCD663F01F0F97BF00C1542B /* TestRefrence.cpp in Sources */,
				FC7EEA631F1361A50082122B /* T_Single.cpp in Sources */,
			);
			runOnlyForDeploymentPostprocessing = 0;
		};
/* End PBXSourcesBuildPhase section */

/* Begin XCBuildConfiguration section */
		FC414EB41F09E46E0079627F /* Debug */ = {
			isa = XCBuildConfiguration;
			buildSettings = {
				ALWAYS_SEARCH_USER_PATHS = NO;
				CLANG_ANALYZER_NONNULL = YES;
				CLANG_ANALYZER_NUMBER_OBJECT_CONVERSION = YES_AGGRESSIVE;
				CLANG_CXX_LANGUAGE_STANDARD = "gnu++14";
				CLANG_CXX_LIBRARY = "libc++";
				CLANG_ENABLE_MODULES = YES;
				CLANG_ENABLE_OBJC_ARC = YES;
				CLANG_WARN_BLOCK_CAPTURE_AUTORELEASING = YES;
				CLANG_WARN_BOOL_CONVERSION = YES;
				CLANG_WARN_COMMA = YES;
				CLANG_WARN_CONSTANT_CONVERSION = YES;
				CLANG_WARN_DIRECT_OBJC_ISA_USAGE = YES_ERROR;
				CLANG_WARN_DOCUMENTATION_COMMENTS = YES;
				CLANG_WARN_EMPTY_BODY = YES;
				CLANG_WARN_ENUM_CONVERSION = YES;
				CLANG_WARN_INFINITE_RECURSION = YES;
				CLANG_WARN_INT_CONVERSION = YES;
				CLANG_WARN_OBJC_ROOT_CLASS = YES_ERROR;
				CLANG_WARN_RANGE_LOOP_ANALYSIS = YES;
				CLANG_WARN_STRICT_PROTOTYPES = YES;
				CLANG_WARN_SUSPICIOUS_MOVE = YES;
				CLANG_WARN_UNGUARDED_AVAILABILITY = YES_AGGRESSIVE;
				CLANG_WARN_UNREACHABLE_CODE = YES;
				CLANG_WARN__DUPLICATE_METHOD_MATCH = YES;
				CODE_SIGN_IDENTITY = "Mac Developer";
				COPY_PHASE_STRIP = NO;
				DEBUG_INFORMATION_FORMAT = dwarf;
				ENABLE_STRICT_OBJC_MSGSEND = YES;
				ENABLE_TESTABILITY = YES;
				GCC_C_LANGUAGE_STANDARD = gnu11;
				GCC_DYNAMIC_NO_PIC = NO;
				GCC_NO_COMMON_BLOCKS = YES;
				GCC_OPTIMIZATION_LEVEL = 0;
				GCC_PREPROCESSOR_DEFINITIONS = (
					"DEBUG=1",
					"$(inherited)",
				);
				GCC_WARN_64_TO_32_BIT_CONVERSION = YES;
				GCC_WARN_ABOUT_RETURN_TYPE = YES_ERROR;
				GCC_WARN_UNDECLARED_SELECTOR = YES;
				GCC_WARN_UNINITIALIZED_AUTOS = YES_AGGRESSIVE;
				GCC_WARN_UNUSED_FUNCTION = YES;
				GCC_WARN_UNUSED_VARIABLE = YES;
				MACOSX_DEPLOYMENT_TARGET = 10.12;
				MTL_ENABLE_DEBUG_INFO = YES;
				ONLY_ACTIVE_ARCH = YES;
				SDKROOT = macosx;
			};
			name = Debug;
		};
		FC414EB51F09E46E0079627F /* Release */ = {
			isa = XCBuildConfiguration;
			buildSettings = {
				ALWAYS_SEARCH_USER_PATHS = NO;
				CLANG_ANALYZER_NONNULL = YES;
				CLANG_ANALYZER_NUMBER_OBJECT_CONVERSION = YES_AGGRESSIVE;
				CLANG_CXX_LANGUAGE_STANDARD = "gnu++14";
				CLANG_CXX_LIBRARY = "libc++";
				CLANG_ENABLE_MODULES = YES;
				CLANG_ENABLE_OBJC_ARC = YES;
				CLANG_WARN_BLOCK_CAPTURE_AUTORELEASING = YES;
				CLANG_WARN_BOOL_CONVERSION = YES;
				CLANG_WARN_COMMA = YES;
				CLANG_WARN_CONSTANT_CONVERSION = YES;
				CLANG_WARN_DIRECT_OBJC_ISA_USAGE = YES_ERROR;
				CLANG_WARN_DOCUMENTATION_COMMENTS = YES;
				CLANG_WARN_EMPTY_BODY = YES;
				CLANG_WARN_ENUM_CONVERSION = YES;
				CLANG_WARN_INFINITE_RECURSION = YES;
				CLANG_WARN_INT_CONVERSION = YES;
				CLANG_WARN_OBJC_ROOT_CLASS = YES_ERROR;
				CLANG_WARN_RANGE_LOOP_ANALYSIS = YES;
				CLANG_WARN_STRICT_PROTOTYPES = YES;
				CLANG_WARN_SUSPICIOUS_MOVE = YES;
				CLANG_WARN_UNGUARDED_AVAILABILITY = YES_AGGRESSIVE;
				CLANG_WARN_UNREACHABLE_CODE = YES;
				CLANG_WARN__DUPLICATE_METHOD_MATCH = YES;
				CODE_SIGN_IDENTITY = "Mac Developer";
				COPY_PHASE_STRIP = NO;
				DEBUG_INFORMATION_FORMAT = "dwarf-with-dsym";
				ENABLE_NS_ASSERTIONS = NO;
				ENABLE_STRICT_OBJC_MSGSEND = YES;
				GCC_C_LANGUAGE_STANDARD = gnu11;
				GCC_NO_COMMON_BLOCKS = YES;
				GCC_WARN_64_TO_32_BIT_CONVERSION = YES;
				GCC_WARN_ABOUT_RETURN_TYPE = YES_ERROR;
				GCC_WARN_UNDECLARED_SELECTOR = YES;
				GCC_WARN_UNINITIALIZED_AUTOS = YES_AGGRESSIVE;
				GCC_WARN_UNUSED_FUNCTION = YES;
				GCC_WARN_UNUSED_VARIABLE = YES;
				MACOSX_DEPLOYMENT_TARGET = 10.12;
				MTL_ENABLE_DEBUG_INFO = NO;
				SDKROOT = macosx;
			};
			name = Release;
		};
		FC414EB71F09E46E0079627F /* Debug */ = {
			isa = XCBuildConfiguration;
			buildSettings = {
				DEVELOPMENT_TEAM = 628LRYYF8F;
				PRODUCT_NAME = "$(TARGET_NAME)";
			};
			name = Debug;
		};
		FC414EB81F09E46E0079627F /* Release */ = {
			isa = XCBuildConfiguration;
			buildSettings = {
				DEVELOPMENT_TEAM = 628LRYYF8F;
				PRODUCT_NAME = "$(TARGET_NAME)";
			};
			name = Release;
		};
/* End XCBuildConfiguration section */

/* Begin XCConfigurationList section */
		FC414EAA1F09E46E0079627F /* Build configuration list for PBXProject "CPP_Basic_Template" */ = {
			isa = XCConfigurationList;
			buildConfigurations = (
				FC414EB41F09E46E0079627F /* Debug */,
				FC414EB51F09E46E0079627F /* Release */,
			);
			defaultConfigurationIsVisible = 0;
			defaultConfigurationName = Release;
		};
		FC414EB61F09E46E0079627F /* Build configuration list for PBXNativeTarget "CPP_Basic_Template" */ = {
			isa = XCConfigurationList;
			buildConfigurations = (
				FC414EB71F09E46E0079627F /* Debug */,
				FC414EB81F09E46E0079627F /* Release */,
			);
			defaultConfigurationIsVisible = 0;
			defaultConfigurationName = Release;
		};
/* End XCConfigurationList section */
	};
	rootObject = FC414EA71F09E46E0079627F /* Project object */;
}
